// !$*UTF8*$!
{
	archiveVersion = 1;
	classes = {
	};
	objectVersion = 52;
	objects = {

/* Begin PBXBuildFile section */
		53054B23231B7A550063781E /* Atomic.swift in Sources */ = {isa = PBXBuildFile; fileRef = 53054B22231B7A550063781E /* Atomic.swift */; };
		5318C94323242B7700504A5B /* NSImage+Extension.swift in Sources */ = {isa = PBXBuildFile; fileRef = 5318C94223242B7700504A5B /* NSImage+Extension.swift */; };
		5318C94523243CE700504A5B /* NSMenuItem+Extension.swift in Sources */ = {isa = PBXBuildFile; fileRef = 5318C94423243CE700504A5B /* NSMenuItem+Extension.swift */; };
		533FD2F62312091F00A0020E /* Database.swift in Sources */ = {isa = PBXBuildFile; fileRef = 533FD2F52312091F00A0020E /* Database.swift */; };
		534230072329FE160056B1E9 /* PageBrowserWC.swift in Sources */ = {isa = PBXBuildFile; fileRef = 534230062329FE160056B1E9 /* PageBrowserWC.swift */; };
		53423009232A06E20056B1E9 /* PageBrowserVC.swift in Sources */ = {isa = PBXBuildFile; fileRef = 53423008232A06E20056B1E9 /* PageBrowserVC.swift */; };
		5342300B232A0A2B0056B1E9 /* Environment.swift in Sources */ = {isa = PBXBuildFile; fileRef = 5342300A232A0A2B0056B1E9 /* Environment.swift */; };
		5342300D232A10280056B1E9 /* String+Extension.swift in Sources */ = {isa = PBXBuildFile; fileRef = 5342300C232A10280056B1E9 /* String+Extension.swift */; };
		5342300F232A13060056B1E9 /* Date+Extension.swift in Sources */ = {isa = PBXBuildFile; fileRef = 5342300E232A13060056B1E9 /* Date+Extension.swift */; };
		53490C91231253D300016DC2 /* Windows.swift in Sources */ = {isa = PBXBuildFile; fileRef = 53490C90231253D300016DC2 /* Windows.swift */; };
		5364571B2320BCFE006C1CFE /* Page.swift in Sources */ = {isa = PBXBuildFile; fileRef = 5364571A2320BCFE006C1CFE /* Page.swift */; };
		5364571D2320BEE7006C1CFE /* RecordMetadata.swift in Sources */ = {isa = PBXBuildFile; fileRef = 5364571C2320BEE7006C1CFE /* RecordMetadata.swift */; };
		5364571F2320C96A006C1CFE /* NSAttributedString+Extension.swift in Sources */ = {isa = PBXBuildFile; fileRef = 5364571E2320C96A006C1CFE /* NSAttributedString+Extension.swift */; };
		537B11102318E47F00D49732 /* Preferences.swift in Sources */ = {isa = PBXBuildFile; fileRef = 537B110F2318E47F00D49732 /* Preferences.swift */; };
		538F9748231E1534006D8734 /* CKMetadataValueTransformer.swift in Sources */ = {isa = PBXBuildFile; fileRef = 538F9747231E1534006D8734 /* CKMetadataValueTransformer.swift */; };
		538F974A231E1BC8006D8734 /* LocalDB.swift in Sources */ = {isa = PBXBuildFile; fileRef = 538F9749231E1BC8006D8734 /* LocalDB.swift */; };
		539A73F3231A34C1005E2788 /* CloudDB.swift in Sources */ = {isa = PBXBuildFile; fileRef = 539A73F2231A34C1005E2788 /* CloudDB.swift */; };
		53B27C88232D6C8A0057EE7C /* Notifications.swift in Sources */ = {isa = PBXBuildFile; fileRef = 53B27C87232D6C8A0057EE7C /* Notifications.swift */; };
		53BD45CC2311B36500712A61 /* EditorWC.swift in Sources */ = {isa = PBXBuildFile; fileRef = 53BD45CB2311B36500712A61 /* EditorWC.swift */; };
		53DD107E231633E500D4E98D /* CloudKit.framework in Frameworks */ = {isa = PBXBuildFile; fileRef = 53DD107D231633E500D4E98D /* CloudKit.framework */; };
		53DF04AF231CAF8D00B29AEC /* ScratchPadModel.xcdatamodeld in Sources */ = {isa = PBXBuildFile; fileRef = 53DF04AD231CAF8D00B29AEC /* ScratchPadModel.xcdatamodeld */; };
		53EA43D0230F85C700019BE2 /* AppDelegate.swift in Sources */ = {isa = PBXBuildFile; fileRef = 53EA43CF230F85C700019BE2 /* AppDelegate.swift */; };
		53EA43D2230F85C800019BE2 /* Assets.xcassets in Resources */ = {isa = PBXBuildFile; fileRef = 53EA43D1230F85C800019BE2 /* Assets.xcassets */; };
		53EA43D5230F85C800019BE2 /* MainMenu.xib in Resources */ = {isa = PBXBuildFile; fileRef = 53EA43D3230F85C800019BE2 /* MainMenu.xib */; };
		53EA43DE230F86C800019BE2 /* EditorVC.swift in Sources */ = {isa = PBXBuildFile; fileRef = 53EA43DD230F86C800019BE2 /* EditorVC.swift */; };
		53EDDFD62311A94500E2FABB /* EditorTextView.swift in Sources */ = {isa = PBXBuildFile; fileRef = 53EDDFD52311A94500E2FABB /* EditorTextView.swift */; };
		53FC14E323237B180034B9F1 /* PageUpdate.swift in Sources */ = {isa = PBXBuildFile; fileRef = 53FC14E223237B180034B9F1 /* PageUpdate.swift */; };
/* End PBXBuildFile section */

/* Begin PBXFileReference section */
		53054B22231B7A550063781E /* Atomic.swift */ = {isa = PBXFileReference; lastKnownFileType = sourcecode.swift; path = Atomic.swift; sourceTree = "<group>"; };
		5318C94223242B7700504A5B /* NSImage+Extension.swift */ = {isa = PBXFileReference; lastKnownFileType = sourcecode.swift; path = "NSImage+Extension.swift"; sourceTree = "<group>"; };
		5318C94423243CE700504A5B /* NSMenuItem+Extension.swift */ = {isa = PBXFileReference; lastKnownFileType = sourcecode.swift; path = "NSMenuItem+Extension.swift"; sourceTree = "<group>"; };
		533FD2F52312091F00A0020E /* Database.swift */ = {isa = PBXFileReference; lastKnownFileType = sourcecode.swift; path = Database.swift; sourceTree = "<group>"; };
		534230062329FE160056B1E9 /* PageBrowserWC.swift */ = {isa = PBXFileReference; lastKnownFileType = sourcecode.swift; path = PageBrowserWC.swift; sourceTree = "<group>"; };
		53423008232A06E20056B1E9 /* PageBrowserVC.swift */ = {isa = PBXFileReference; lastKnownFileType = sourcecode.swift; path = PageBrowserVC.swift; sourceTree = "<group>"; };
		5342300A232A0A2B0056B1E9 /* Environment.swift */ = {isa = PBXFileReference; lastKnownFileType = sourcecode.swift; path = Environment.swift; sourceTree = "<group>"; };
		5342300C232A10280056B1E9 /* String+Extension.swift */ = {isa = PBXFileReference; lastKnownFileType = sourcecode.swift; path = "String+Extension.swift"; sourceTree = "<group>"; };
		5342300E232A13060056B1E9 /* Date+Extension.swift */ = {isa = PBXFileReference; lastKnownFileType = sourcecode.swift; path = "Date+Extension.swift"; sourceTree = "<group>"; };
		53490C90231253D300016DC2 /* Windows.swift */ = {isa = PBXFileReference; lastKnownFileType = sourcecode.swift; path = Windows.swift; sourceTree = "<group>"; };
		5364571A2320BCFE006C1CFE /* Page.swift */ = {isa = PBXFileReference; lastKnownFileType = sourcecode.swift; path = Page.swift; sourceTree = "<group>"; };
		5364571C2320BEE7006C1CFE /* RecordMetadata.swift */ = {isa = PBXFileReference; lastKnownFileType = sourcecode.swift; path = RecordMetadata.swift; sourceTree = "<group>"; };
		5364571E2320C96A006C1CFE /* NSAttributedString+Extension.swift */ = {isa = PBXFileReference; lastKnownFileType = sourcecode.swift; path = "NSAttributedString+Extension.swift"; sourceTree = "<group>"; };
		537B110F2318E47F00D49732 /* Preferences.swift */ = {isa = PBXFileReference; lastKnownFileType = sourcecode.swift; path = Preferences.swift; sourceTree = "<group>"; };
		538F9747231E1534006D8734 /* CKMetadataValueTransformer.swift */ = {isa = PBXFileReference; lastKnownFileType = sourcecode.swift; path = CKMetadataValueTransformer.swift; sourceTree = "<group>"; };
		538F9749231E1BC8006D8734 /* LocalDB.swift */ = {isa = PBXFileReference; lastKnownFileType = sourcecode.swift; path = LocalDB.swift; sourceTree = "<group>"; };
		539A73F2231A34C1005E2788 /* CloudDB.swift */ = {isa = PBXFileReference; lastKnownFileType = sourcecode.swift; path = CloudDB.swift; sourceTree = "<group>"; };
		53B27C87232D6C8A0057EE7C /* Notifications.swift */ = {isa = PBXFileReference; lastKnownFileType = sourcecode.swift; path = Notifications.swift; sourceTree = "<group>"; };
		53BD45CB2311B36500712A61 /* EditorWC.swift */ = {isa = PBXFileReference; lastKnownFileType = sourcecode.swift; path = EditorWC.swift; sourceTree = "<group>"; };
		53DD107D231633E500D4E98D /* CloudKit.framework */ = {isa = PBXFileReference; lastKnownFileType = wrapper.framework; name = CloudKit.framework; path = System/Library/Frameworks/CloudKit.framework; sourceTree = SDKROOT; };
		53DF04AE231CAF8D00B29AEC /* ScratchPadModel.xcdatamodel */ = {isa = PBXFileReference; lastKnownFileType = wrapper.xcdatamodel; path = ScratchPadModel.xcdatamodel; sourceTree = "<group>"; };
		53EA43CC230F85C700019BE2 /* ScratchPad.app */ = {isa = PBXFileReference; explicitFileType = wrapper.application; includeInIndex = 0; path = ScratchPad.app; sourceTree = BUILT_PRODUCTS_DIR; };
		53EA43CF230F85C700019BE2 /* AppDelegate.swift */ = {isa = PBXFileReference; lastKnownFileType = sourcecode.swift; path = AppDelegate.swift; sourceTree = "<group>"; };
		53EA43D1230F85C800019BE2 /* Assets.xcassets */ = {isa = PBXFileReference; lastKnownFileType = folder.assetcatalog; path = Assets.xcassets; sourceTree = "<group>"; };
		53EA43D4230F85C800019BE2 /* Base */ = {isa = PBXFileReference; lastKnownFileType = file.xib; name = Base; path = Base.lproj/MainMenu.xib; sourceTree = "<group>"; };
		53EA43D6230F85C800019BE2 /* Info.plist */ = {isa = PBXFileReference; lastKnownFileType = text.plist.xml; path = Info.plist; sourceTree = "<group>"; };
		53EA43D7230F85C800019BE2 /* ScratchPad.entitlements */ = {isa = PBXFileReference; lastKnownFileType = text.plist.entitlements; path = ScratchPad.entitlements; sourceTree = "<group>"; };
		53EA43DD230F86C800019BE2 /* EditorVC.swift */ = {isa = PBXFileReference; lastKnownFileType = sourcecode.swift; path = EditorVC.swift; sourceTree = "<group>"; };
		53EDDFD52311A94500E2FABB /* EditorTextView.swift */ = {isa = PBXFileReference; lastKnownFileType = sourcecode.swift; path = EditorTextView.swift; sourceTree = "<group>"; };
		53FC14E223237B180034B9F1 /* PageUpdate.swift */ = {isa = PBXFileReference; lastKnownFileType = sourcecode.swift; path = PageUpdate.swift; sourceTree = "<group>"; };
/* End PBXFileReference section */

/* Begin PBXFrameworksBuildPhase section */
		53EA43C9230F85C700019BE2 /* Frameworks */ = {
			isa = PBXFrameworksBuildPhase;
			buildActionMask = 2147483647;
			files = (
				53DD107E231633E500D4E98D /* CloudKit.framework in Frameworks */,
			);
			runOnlyForDeploymentPostprocessing = 0;
		};
/* End PBXFrameworksBuildPhase section */

/* Begin PBXGroup section */
		533EFEB8231B3005006F6B4C /* Database */ = {
			isa = PBXGroup;
			children = (
				538F9747231E1534006D8734 /* CKMetadataValueTransformer.swift */,
				539A73F2231A34C1005E2788 /* CloudDB.swift */,
				538F9749231E1BC8006D8734 /* LocalDB.swift */,
				53DF04AD231CAF8D00B29AEC /* ScratchPadModel.xcdatamodeld */,
			);
			path = Database;
			sourceTree = "<group>";
		};
		534230052329FDEA0056B1E9 /* PageBrowserWindow */ = {
			isa = PBXGroup;
			children = (
				534230062329FE160056B1E9 /* PageBrowserWC.swift */,
				53423008232A06E20056B1E9 /* PageBrowserVC.swift */,
			);
			path = PageBrowserWindow;
			sourceTree = "<group>";
		};
		536457192320BCD7006C1CFE /* Model */ = {
			isa = PBXGroup;
			children = (
				5364571A2320BCFE006C1CFE /* Page.swift */,
				53FC14E223237B180034B9F1 /* PageUpdate.swift */,
				5364571C2320BEE7006C1CFE /* RecordMetadata.swift */,
			);
			path = Model;
			sourceTree = "<group>";
		};
		536457202320D41D006C1CFE /* Extensions and Utilities */ = {
			isa = PBXGroup;
			children = (
				53054B22231B7A550063781E /* Atomic.swift */,
				5342300E232A13060056B1E9 /* Date+Extension.swift */,
				53B27C87232D6C8A0057EE7C /* Notifications.swift */,
				5364571E2320C96A006C1CFE /* NSAttributedString+Extension.swift */,
				5318C94223242B7700504A5B /* NSImage+Extension.swift */,
				5318C94423243CE700504A5B /* NSMenuItem+Extension.swift */,
				5342300C232A10280056B1E9 /* String+Extension.swift */,
			);
			path = "Extensions and Utilities";
			sourceTree = "<group>";
		};
		53B27C86232D64310057EE7C /* Services */ = {
			isa = PBXGroup;
			children = (
				533FD2F52312091F00A0020E /* Database.swift */,
				5342300A232A0A2B0056B1E9 /* Environment.swift */,
				537B110F2318E47F00D49732 /* Preferences.swift */,
				53490C90231253D300016DC2 /* Windows.swift */,
			);
			path = Services;
			sourceTree = "<group>";
		};
		53BD45CF2311B60200712A61 /* EditorWindow */ = {
			isa = PBXGroup;
			children = (
				53EA43DD230F86C800019BE2 /* EditorVC.swift */,
				53BD45CB2311B36500712A61 /* EditorWC.swift */,
				53EDDFD52311A94500E2FABB /* EditorTextView.swift */,
			);
			path = EditorWindow;
			sourceTree = "<group>";
		};
		53DD107C231633E500D4E98D /* Frameworks */ = {
			isa = PBXGroup;
			children = (
				53DD107D231633E500D4E98D /* CloudKit.framework */,
			);
			name = Frameworks;
			sourceTree = "<group>";
		};
		53EA43C3230F85C700019BE2 = {
			isa = PBXGroup;
			children = (
				53EA43CE230F85C700019BE2 /* ScratchPad */,
				53EA43CD230F85C700019BE2 /* Products */,
				53DD107C231633E500D4E98D /* Frameworks */,
			);
			sourceTree = "<group>";
		};
		53EA43CD230F85C700019BE2 /* Products */ = {
			isa = PBXGroup;
			children = (
				53EA43CC230F85C700019BE2 /* ScratchPad.app */,
			);
			name = Products;
			sourceTree = "<group>";
		};
		53EA43CE230F85C700019BE2 /* ScratchPad */ = {
			isa = PBXGroup;
			children = (
				53EA43CF230F85C700019BE2 /* AppDelegate.swift */,
				533EFEB8231B3005006F6B4C /* Database */,
				53BD45CF2311B60200712A61 /* EditorWindow */,
				536457202320D41D006C1CFE /* Extensions and Utilities */,
				536457192320BCD7006C1CFE /* Model */,
				534230052329FDEA0056B1E9 /* PageBrowserWindow */,
				53B27C86232D64310057EE7C /* Services */,
				53EA43DF230F8A7D00019BE2 /* Support Files */,
			);
			path = ScratchPad;
			sourceTree = "<group>";
		};
		53EA43DF230F8A7D00019BE2 /* Support Files */ = {
			isa = PBXGroup;
			children = (
				53EA43D1230F85C800019BE2 /* Assets.xcassets */,
				53EA43D6230F85C800019BE2 /* Info.plist */,
				53EA43D3230F85C800019BE2 /* MainMenu.xib */,
				53EA43D7230F85C800019BE2 /* ScratchPad.entitlements */,
			);
			name = "Support Files";
			sourceTree = "<group>";
		};
/* End PBXGroup section */

/* Begin PBXNativeTarget section */
		53EA43CB230F85C700019BE2 /* ScratchPad */ = {
			isa = PBXNativeTarget;
			buildConfigurationList = 53EA43DA230F85C800019BE2 /* Build configuration list for PBXNativeTarget "ScratchPad" */;
			buildPhases = (
				535F30792324B17C00634A90 /* ShellScript */,
				53EA43C8230F85C700019BE2 /* Sources */,
				53EA43C9230F85C700019BE2 /* Frameworks */,
				53EA43CA230F85C700019BE2 /* Resources */,
			);
			buildRules = (
			);
			dependencies = (
			);
			name = ScratchPad;
			productName = ScratchPad;
			productReference = 53EA43CC230F85C700019BE2 /* ScratchPad.app */;
			productType = "com.apple.product-type.application";
		};
/* End PBXNativeTarget section */

/* Begin PBXProject section */
		53EA43C4230F85C700019BE2 /* Project object */ = {
			isa = PBXProject;
			attributes = {
				LastSwiftUpdateCheck = 1100;
				LastUpgradeCheck = 1100;
				ORGANIZATIONNAME = Zentrope;
				TargetAttributes = {
					53EA43CB230F85C700019BE2 = {
						CreatedOnToolsVersion = 11.0;
					};
				};
			};
			buildConfigurationList = 53EA43C7230F85C700019BE2 /* Build configuration list for PBXProject "ScratchPad" */;
			compatibilityVersion = "Xcode 11.0";
			developmentRegion = en;
			hasScannedForEncodings = 0;
			knownRegions = (
				en,
				Base,
			);
			mainGroup = 53EA43C3230F85C700019BE2;
			productRefGroup = 53EA43CD230F85C700019BE2 /* Products */;
			projectDirPath = "";
			projectRoot = "";
			targets = (
				53EA43CB230F85C700019BE2 /* ScratchPad */,
			);
		};
/* End PBXProject section */

/* Begin PBXResourcesBuildPhase section */
		53EA43CA230F85C700019BE2 /* Resources */ = {
			isa = PBXResourcesBuildPhase;
			buildActionMask = 2147483647;
			files = (
				53EA43D2230F85C800019BE2 /* Assets.xcassets in Resources */,
				53EA43D5230F85C800019BE2 /* MainMenu.xib in Resources */,
			);
			runOnlyForDeploymentPostprocessing = 0;
		};
/* End PBXResourcesBuildPhase section */

/* Begin PBXShellScriptBuildPhase section */
		535F30792324B17C00634A90 /* ShellScript */ = {
			isa = PBXShellScriptBuildPhase;
			buildActionMask = 2147483647;
			files = (
			);
			inputFileListPaths = (
			);
			inputPaths = (
			);
			outputFileListPaths = (
			);
			outputPaths = (
			);
			runOnlyForDeploymentPostprocessing = 0;
			shellPath = /bin/sh;
			shellScript = "# Type a script or drag a script file from your workspace to insert its path.\nbuildNumber=$(/usr/libexec/PlistBuddy -c \"Print CFBundleVersion\" \"${PROJECT_DIR}/${INFOPLIST_FILE}\")\nbuildNumber=$(($buildNumber + 1))\n/usr/libexec/PlistBuddy -c \"Set :CFBundleVersion $buildNumber\" \"${PROJECT_DIR}/${INFOPLIST_FILE}\"\n";
		};
/* End PBXShellScriptBuildPhase section */

/* Begin PBXSourcesBuildPhase section */
		53EA43C8230F85C700019BE2 /* Sources */ = {
			isa = PBXSourcesBuildPhase;
			buildActionMask = 2147483647;
			files = (
				53B27C88232D6C8A0057EE7C /* Notifications.swift in Sources */,
				537B11102318E47F00D49732 /* Preferences.swift in Sources */,
				53EDDFD62311A94500E2FABB /* EditorTextView.swift in Sources */,
				539A73F3231A34C1005E2788 /* CloudDB.swift in Sources */,
				5342300D232A10280056B1E9 /* String+Extension.swift in Sources */,
				53EA43D0230F85C700019BE2 /* AppDelegate.swift in Sources */,
				5364571B2320BCFE006C1CFE /* Page.swift in Sources */,
				5342300F232A13060056B1E9 /* Date+Extension.swift in Sources */,
				533FD2F62312091F00A0020E /* Database.swift in Sources */,
				53423009232A06E20056B1E9 /* PageBrowserVC.swift in Sources */,
				5364571F2320C96A006C1CFE /* NSAttributedString+Extension.swift in Sources */,
				534230072329FE160056B1E9 /* PageBrowserWC.swift in Sources */,
				53DF04AF231CAF8D00B29AEC /* ScratchPadModel.xcdatamodeld in Sources */,
				5342300B232A0A2B0056B1E9 /* Environment.swift in Sources */,
				5318C94323242B7700504A5B /* NSImage+Extension.swift in Sources */,
				53490C91231253D300016DC2 /* Windows.swift in Sources */,
				53BD45CC2311B36500712A61 /* EditorWC.swift in Sources */,
				53EA43DE230F86C800019BE2 /* EditorVC.swift in Sources */,
				53FC14E323237B180034B9F1 /* PageUpdate.swift in Sources */,
				5364571D2320BEE7006C1CFE /* RecordMetadata.swift in Sources */,
				53054B23231B7A550063781E /* Atomic.swift in Sources */,
				538F974A231E1BC8006D8734 /* LocalDB.swift in Sources */,
				5318C94523243CE700504A5B /* NSMenuItem+Extension.swift in Sources */,
				538F9748231E1534006D8734 /* CKMetadataValueTransformer.swift in Sources */,
			);
			runOnlyForDeploymentPostprocessing = 0;
		};
/* End PBXSourcesBuildPhase section */

/* Begin PBXVariantGroup section */
		53EA43D3230F85C800019BE2 /* MainMenu.xib */ = {
			isa = PBXVariantGroup;
			children = (
				53EA43D4230F85C800019BE2 /* Base */,
			);
			name = MainMenu.xib;
			sourceTree = "<group>";
		};
/* End PBXVariantGroup section */

/* Begin XCBuildConfiguration section */
		53EA43D8230F85C800019BE2 /* Debug */ = {
			isa = XCBuildConfiguration;
			buildSettings = {
				ALWAYS_SEARCH_USER_PATHS = NO;
				CLANG_ANALYZER_NONNULL = YES;
				CLANG_ANALYZER_NUMBER_OBJECT_CONVERSION = YES_AGGRESSIVE;
				CLANG_CXX_LANGUAGE_STANDARD = "gnu++14";
				CLANG_CXX_LIBRARY = "libc++";
				CLANG_ENABLE_MODULES = YES;
				CLANG_ENABLE_OBJC_ARC = YES;
				CLANG_ENABLE_OBJC_WEAK = YES;
				CLANG_WARN_BLOCK_CAPTURE_AUTORELEASING = YES;
				CLANG_WARN_BOOL_CONVERSION = YES;
				CLANG_WARN_COMMA = YES;
				CLANG_WARN_CONSTANT_CONVERSION = YES;
				CLANG_WARN_DEPRECATED_OBJC_IMPLEMENTATIONS = YES;
				CLANG_WARN_DIRECT_OBJC_ISA_USAGE = YES_ERROR;
				CLANG_WARN_DOCUMENTATION_COMMENTS = YES;
				CLANG_WARN_EMPTY_BODY = YES;
				CLANG_WARN_ENUM_CONVERSION = YES;
				CLANG_WARN_INFINITE_RECURSION = YES;
				CLANG_WARN_INT_CONVERSION = YES;
				CLANG_WARN_NON_LITERAL_NULL_CONVERSION = YES;
				CLANG_WARN_OBJC_IMPLICIT_RETAIN_SELF = YES;
				CLANG_WARN_OBJC_LITERAL_CONVERSION = YES;
				CLANG_WARN_OBJC_ROOT_CLASS = YES_ERROR;
				CLANG_WARN_RANGE_LOOP_ANALYSIS = YES;
				CLANG_WARN_STRICT_PROTOTYPES = YES;
				CLANG_WARN_SUSPICIOUS_MOVE = YES;
				CLANG_WARN_UNGUARDED_AVAILABILITY = YES_AGGRESSIVE;
				CLANG_WARN_UNREACHABLE_CODE = YES;
				CLANG_WARN__DUPLICATE_METHOD_MATCH = YES;
				COPY_PHASE_STRIP = NO;
				DEBUG_INFORMATION_FORMAT = dwarf;
				ENABLE_STRICT_OBJC_MSGSEND = YES;
				ENABLE_TESTABILITY = YES;
				GCC_C_LANGUAGE_STANDARD = gnu11;
				GCC_DYNAMIC_NO_PIC = NO;
				GCC_NO_COMMON_BLOCKS = YES;
				GCC_OPTIMIZATION_LEVEL = 0;
				GCC_PREPROCESSOR_DEFINITIONS = (
					"DEBUG=1",
					"$(inherited)",
				);
				GCC_WARN_64_TO_32_BIT_CONVERSION = YES;
				GCC_WARN_ABOUT_RETURN_TYPE = YES_ERROR;
				GCC_WARN_UNDECLARED_SELECTOR = YES;
				GCC_WARN_UNINITIALIZED_AUTOS = YES_AGGRESSIVE;
				GCC_WARN_UNUSED_FUNCTION = YES;
				GCC_WARN_UNUSED_VARIABLE = YES;
				MACOSX_DEPLOYMENT_TARGET = 10.14.4;
				MTL_ENABLE_DEBUG_INFO = INCLUDE_SOURCE;
				MTL_FAST_MATH = YES;
				ONLY_ACTIVE_ARCH = YES;
				SDKROOT = macosx;
				SWIFT_ACTIVE_COMPILATION_CONDITIONS = DEBUG;
				SWIFT_OPTIMIZATION_LEVEL = "-Onone";
			};
			name = Debug;
		};
		53EA43D9230F85C800019BE2 /* Release */ = {
			isa = XCBuildConfiguration;
			buildSettings = {
				ALWAYS_SEARCH_USER_PATHS = NO;
				CLANG_ANALYZER_NONNULL = YES;
				CLANG_ANALYZER_NUMBER_OBJECT_CONVERSION = YES_AGGRESSIVE;
				CLANG_CXX_LANGUAGE_STANDARD = "gnu++14";
				CLANG_CXX_LIBRARY = "libc++";
				CLANG_ENABLE_MODULES = YES;
				CLANG_ENABLE_OBJC_ARC = YES;
				CLANG_ENABLE_OBJC_WEAK = YES;
				CLANG_WARN_BLOCK_CAPTURE_AUTORELEASING = YES;
				CLANG_WARN_BOOL_CONVERSION = YES;
				CLANG_WARN_COMMA = YES;
				CLANG_WARN_CONSTANT_CONVERSION = YES;
				CLANG_WARN_DEPRECATED_OBJC_IMPLEMENTATIONS = YES;
				CLANG_WARN_DIRECT_OBJC_ISA_USAGE = YES_ERROR;
				CLANG_WARN_DOCUMENTATION_COMMENTS = YES;
				CLANG_WARN_EMPTY_BODY = YES;
				CLANG_WARN_ENUM_CONVERSION = YES;
				CLANG_WARN_INFINITE_RECURSION = YES;
				CLANG_WARN_INT_CONVERSION = YES;
				CLANG_WARN_NON_LITERAL_NULL_CONVERSION = YES;
				CLANG_WARN_OBJC_IMPLICIT_RETAIN_SELF = YES;
				CLANG_WARN_OBJC_LITERAL_CONVERSION = YES;
				CLANG_WARN_OBJC_ROOT_CLASS = YES_ERROR;
				CLANG_WARN_RANGE_LOOP_ANALYSIS = YES;
				CLANG_WARN_STRICT_PROTOTYPES = YES;
				CLANG_WARN_SUSPICIOUS_MOVE = YES;
				CLANG_WARN_UNGUARDED_AVAILABILITY = YES_AGGRESSIVE;
				CLANG_WARN_UNREACHABLE_CODE = YES;
				CLANG_WARN__DUPLICATE_METHOD_MATCH = YES;
				COPY_PHASE_STRIP = NO;
				DEBUG_INFORMATION_FORMAT = "dwarf-with-dsym";
				ENABLE_NS_ASSERTIONS = NO;
				ENABLE_STRICT_OBJC_MSGSEND = YES;
				GCC_C_LANGUAGE_STANDARD = gnu11;
				GCC_NO_COMMON_BLOCKS = YES;
				GCC_WARN_64_TO_32_BIT_CONVERSION = YES;
				GCC_WARN_ABOUT_RETURN_TYPE = YES_ERROR;
				GCC_WARN_UNDECLARED_SELECTOR = YES;
				GCC_WARN_UNINITIALIZED_AUTOS = YES_AGGRESSIVE;
				GCC_WARN_UNUSED_FUNCTION = YES;
				GCC_WARN_UNUSED_VARIABLE = YES;
				MACOSX_DEPLOYMENT_TARGET = 10.14.4;
				MTL_ENABLE_DEBUG_INFO = NO;
				MTL_FAST_MATH = YES;
				SDKROOT = macosx;
				SWIFT_COMPILATION_MODE = wholemodule;
				SWIFT_OPTIMIZATION_LEVEL = "-O";
			};
			name = Release;
		};
		53EA43DB230F85C800019BE2 /* Debug */ = {
			isa = XCBuildConfiguration;
			buildSettings = {
				ASSETCATALOG_COMPILER_APPICON_NAME = AppIcon;
				CODE_SIGN_ENTITLEMENTS = ScratchPad/ScratchPad.entitlements;
				CODE_SIGN_STYLE = Automatic;
				COMBINE_HIDPI_IMAGES = YES;
				DEVELOPMENT_TEAM = 5Y5389EUC6;
				ENABLE_HARDENED_RUNTIME = YES;
				INFOPLIST_FILE = ScratchPad/Info.plist;
				LD_RUNPATH_SEARCH_PATHS = (
					"$(inherited)",
					"@executable_path/../Frameworks",
				);
				MACOSX_DEPLOYMENT_TARGET = 10.14.4;
				MARKETING_VERSION = 2019.1;
				PRODUCT_BUNDLE_IDENTIFIER = com.zentrope.ScratchPad;
				PRODUCT_NAME = "$(TARGET_NAME)";
				SWIFT_VERSION = 5.0;
			};
			name = Debug;
		};
		53EA43DC230F85C800019BE2 /* Release */ = {
			isa = XCBuildConfiguration;
			buildSettings = {
				ASSETCATALOG_COMPILER_APPICON_NAME = AppIcon;
				CODE_SIGN_ENTITLEMENTS = ScratchPad/ScratchPad.entitlements;
				CODE_SIGN_STYLE = Automatic;
				COMBINE_HIDPI_IMAGES = YES;
				DEVELOPMENT_TEAM = 5Y5389EUC6;
				ENABLE_HARDENED_RUNTIME = YES;
				INFOPLIST_FILE = ScratchPad/Info.plist;
				LD_RUNPATH_SEARCH_PATHS = (
					"$(inherited)",
					"@executable_path/../Frameworks",
				);
				MACOSX_DEPLOYMENT_TARGET = 10.14.4;
				MARKETING_VERSION = 2019.1;
				PRODUCT_BUNDLE_IDENTIFIER = com.zentrope.ScratchPad;
				PRODUCT_NAME = "$(TARGET_NAME)";
				SWIFT_VERSION = 5.0;
			};
			name = Release;
		};
/* End XCBuildConfiguration section */

/* Begin XCConfigurationList section */
		53EA43C7230F85C700019BE2 /* Build configuration list for PBXProject "ScratchPad" */ = {
			isa = XCConfigurationList;
			buildConfigurations = (
				53EA43D8230F85C800019BE2 /* Debug */,
				53EA43D9230F85C800019BE2 /* Release */,
			);
			defaultConfigurationIsVisible = 0;
			defaultConfigurationName = Release;
		};
		53EA43DA230F85C800019BE2 /* Build configuration list for PBXNativeTarget "ScratchPad" */ = {
			isa = XCConfigurationList;
			buildConfigurations = (
				53EA43DB230F85C800019BE2 /* Debug */,
				53EA43DC230F85C800019BE2 /* Release */,
			);
			defaultConfigurationIsVisible = 0;
			defaultConfigurationName = Release;
		};
/* End XCConfigurationList section */

/* Begin XCVersionGroup section */
		53DF04AD231CAF8D00B29AEC /* ScratchPadModel.xcdatamodeld */ = {
			isa = XCVersionGroup;
			children = (
				53DF04AE231CAF8D00B29AEC /* ScratchPadModel.xcdatamodel */,
			);
			currentVersion = 53DF04AE231CAF8D00B29AEC /* ScratchPadModel.xcdatamodel */;
			path = ScratchPadModel.xcdatamodeld;
			sourceTree = "<group>";
			versionGroupType = wrapper.xcdatamodel;
		};
/* End XCVersionGroup section */
	};
	rootObject = 53EA43C4230F85C700019BE2 /* Project object */;
}
